{
  "version": 1,
  "dependencies": {
    "net10.0-windows7.0": {
      "DalamudPackager": {
        "type": "Direct",
        "requested": "[14.0.0, )",
        "resolved": "14.0.0",
        "contentHash": "9c1q/eAeAs82mkQWBOaCvbt3GIQxAIadz5b/7pCXDIy9nHPtnRc+tDXEvKR+M36Wvi7n+qBTevRupkLUQp6DFA=="
      },
      "DotNet.ReproducibleBuilds": {
        "type": "Direct",
        "requested": "[1.2.39, )",
        "resolved": "1.2.39",
        "contentHash": "fcFN01tDTIQqDuTwr1jUQK/geofiwjG5DycJQOnC72i1SsLAk1ELe+apBOuZ11UMQG8YKFZG1FgvjZPbqHyatg=="
      },
      "Generator.Equals": {
        "type": "Direct",
        "requested": "[3.1.1, )",
        "resolved": "3.1.1",
        "contentHash": "8nLS5J7v2Yggs4bJbgAYxX8CSJNPbE4QJ0n8FZrSVzw9SzT/TejwWs6i2IMd4zZPI4iOSlmAGWysxJw9I2JwtA==",
        "dependencies": {
          "Generator.Equals.Runtime": "3.1.1"
        }
      },
      "KTrie": {
        "type": "Direct",
        "requested": "[2.6.0, )",
        "resolved": "2.6.0",
        "contentHash": "UDiq0OeQzS8WAMs/WwBcKJIaMx4dBOtipXx3Y/+sOb/brMo2HiWWo2LAfpuHX3XAzwfweo/q1q3ZE/Pdi3Ik8A=="
      },
      "Markdig": {
        "type": "Direct",
        "requested": "[0.37.0, )",
        "resolved": "0.37.0",
        "contentHash": "biiu4MTPFjW55qw6v5Aphtj0MjDLJ14x8ndZwkJUHIeqvaSGKeqhLY7S7Vu/S3k7/c9KwhhnaCDP9hdFNUhcNA=="
      },
      "OneOf": {
        "type": "Direct",
        "requested": "[3.0.263, )",
        "resolved": "3.0.263",
        "contentHash": "2xXFnUxkAA0rJ2sJz9FPeW/gzJIBvyj+xIvfTIkz42pz9JlcYse4/rwRnkmCsYxw6osy1whnBO6Ox6HBKEqDMw=="
      },
      "Sprache": {
        "type": "Direct",
        "requested": "[2.3.1, )",
        "resolved": "2.3.1",
        "contentHash": "Q+mXeiTxiUYG3lKYF6TS82/SyB4F2613Q1yXTMwg4jWGHEEVC3yrzHtNcI4B3qnDI0+eJsezGJ0V+cToUytHWw=="
      },
      "XSerializer": {
        "type": "Direct",
        "requested": "[0.4.4, )",
        "resolved": "0.4.4",
        "contentHash": "REObtTOlLR6TNvJ/lKzkG0SylM82C5vEl03rMNBn0aEkjSoAPLx40V5PpazWXdpWljNO3OY7iPMEiH5VS+4xIg=="
      },
      "YamlDotNet": {
        "type": "Direct",
        "requested": "[16.0.0, )",
        "resolved": "16.0.0",
        "contentHash": "kZ4jR5ltFhnjaUqK9x81zXRIUTH4PTXTTEmJDNQdkDLQhcv+2Nl19r0dCSvPW1mstOYBfXTnjdieRbUO6gHMDw=="
      },
      "Generator.Equals.Runtime": {
        "type": "Transitive",
        "resolved": "3.1.1",
        "contentHash": "maLnoXxsUdUgjSshJ7AgZ3xjAlteEl/j2KTfzsK0WbIPDtlGALX+/3NcU1rF2k7AiBLhHCv+9DGs1tyeq+gqrg==",
        "dependencies": {
          "Microsoft.Bcl.HashCode": "1.1.1"
        }
      },
      "Microsoft.Bcl.HashCode": {
        "type": "Transitive",
        "resolved": "1.1.1",
        "contentHash": "MalY0Y/uM/LjXtHfX/26l2VtN4LDNZ2OE3aumNOHDLsT4fNYy2hiHXI4CXCqKpNUNm7iJ2brrc4J89UdaL56FA=="
      }
    }
  }
}